<?xml version="1.0" encoding="utf-8"?>
<Project ToolsVersion="4.0" xmlns="http://schemas.microsoft.com/developer/msbuild/2003">
  <ItemGroup>
    <Filter Include="Source Files">
      <UniqueIdentifier>{4FC737F1-C7A5-4376-A066-2A32D752A2FF}</UniqueIdentifier>
      <Extensions>cpp;c;cc;cxx;c++;cppm;ixx;def;odl;idl;hpj;bat;asm;asmx</Extensions>
    </Filter>
    <Filter Include="Header Files">
      <UniqueIdentifier>{93995380-89BD-4b04-88EB-625FBE52EBFB}</UniqueIdentifier>
      <Extensions>h;hh;hpp;hxx;h++;hm;inl;inc;ipp;xsd</Extensions>
    </Filter>
    <Filter Include="Resource Files">
      <UniqueIdentifier>{67DA6AB6-F800-4c08-8B7A-83BB121AAD01}</UniqueIdentifier>
      <Extensions>rc;ico;cur;bmp;dlg;rc2;rct;bin;rgs;gif;jpg;jpeg;jpe;resx;tiff;tif;png;wav;mfcribbon-ms</Extensions>
    </Filter>
  </ItemGroup>
  <ItemGroup>
    <ClInclude Include="framework.h">
      <Filter>Header Files</Filter>
    </ClInclude>
    <ClInclude Include="pch.h">
      <Filter>Header Files</Filter>
    </ClInclude>
    <ClInclude Include="util\Base64.hpp">
      <Filter>Header Files</Filter>
    </ClInclude>
    <ClInclude Include="util\CCDirectorModified.h">
      <Filter>Header Files</Filter>
    </ClInclude>
    <ClInclude Include="util\CreatorOptionsManager.h">
      <Filter>Header Files</Filter>
    </ClInclude>
    <ClInclude Include="util\hackpro_ext.hpp">
      <Filter>Header Files</Filter>
    </ClInclude>
    <ClInclude Include="util\HTTPRequest.hpp">
      <Filter>Header Files</Filter>
    </ClInclude>
    <ClInclude Include="util\Mod.h">
      <Filter>Header Files</Filter>
    </ClInclude>
    <ClInclude Include="pMacros.h">
      <Filter>Header Files</Filter>
    </ClInclude>
    <ClInclude Include="gd\achievement_nodes\AchievementBar.h">
      <Filter>Header Files</Filter>
    </ClInclude>
    <ClInclude Include="gd\achievement_nodes\AchievementNotifier.h">
      <Filter>Header Files</Filter>
    </ClInclude>
    <ClInclude Include="gd\actions\CCCircleWave.h">
      <Filter>Header Files</Filter>
    </ClInclude>
    <ClInclude Include="gd\audio_nodes\FMODAudioEngine.h">
      <Filter>Header Files</Filter>
    </ClInclude>
    <ClInclude Include="gd\include\gd.h">
      <Filter>Header Files</Filter>
    </ClInclude>
    <ClInclude Include="gd\include\gdMacros.h">
      <Filter>Header Files</Filter>
    </ClInclude>
    <ClInclude Include="gd\include\GDProtocols.h">
      <Filter>Header Files</Filter>
    </ClInclude>
    <ClInclude Include="gd\layers_scenes_transitions_nodes\CCBlockLayer.h">
      <Filter>Header Files</Filter>
    </ClInclude>
    <ClInclude Include="gd\layers_scenes_transitions_nodes\FLAlertLayer.h">
      <Filter>Header Files</Filter>
    </ClInclude>
    <ClInclude Include="gd\layers_scenes_transitions_nodes\GJBaseGameLayer.h">
      <Filter>Header Files</Filter>
    </ClInclude>
    <ClInclude Include="gd\layers_scenes_transitions_nodes\GJDropDownLayer.h">
      <Filter>Header Files</Filter>
    </ClInclude>
    <ClInclude Include="gd\layers_scenes_transitions_nodes\GJListLayer.h">
      <Filter>Header Files</Filter>
    </ClInclude>
    <ClInclude Include="gd\layers_scenes_transitions_nodes\LoadingCircle.h">
      <Filter>Header Files</Filter>
    </ClInclude>
    <ClInclude Include="gd\layers_scenes_transitions_nodes\LoadingLayer.h">
      <Filter>Header Files</Filter>
    </ClInclude>
    <ClInclude Include="gd\layers_scenes_transitions_nodes\MenuLayer.h">
      <Filter>Header Files</Filter>
    </ClInclude>
    <ClInclude Include="gd\layers_scenes_transitions_nodes\PauseLayer.h">
      <Filter>Header Files</Filter>
    </ClInclude>
    <ClInclude Include="gd\layers_scenes_transitions_nodes\PlayLayer.h">
      <Filter>Header Files</Filter>
    </ClInclude>
    <ClInclude Include="gd\layers_scenes_transitions_nodes\ScrollingLayer.h">
      <Filter>Header Files</Filter>
    </ClInclude>
    <ClInclude Include="gd\manager_nodes\AchievementManager.h">
      <Filter>Header Files</Filter>
    </ClInclude>
    <ClInclude Include="gd\manager_nodes\GameManager.h">
      <Filter>Header Files</Filter>
    </ClInclude>
    <ClInclude Include="gd\manager_nodes\GameSoundManager.h">
      <Filter>Header Files</Filter>
    </ClInclude>
    <ClInclude Include="gd\manager_nodes\GManager.h">
      <Filter>Header Files</Filter>
    </ClInclude>
    <ClInclude Include="gd\menu_nodes\CCMenuItemSpriteExtra.h">
      <Filter>Header Files</Filter>
    </ClInclude>
    <ClInclude Include="gd\menu_nodes\CCMenuItemToggler.h">
      <Filter>Header Files</Filter>
    </ClInclude>
    <ClInclude Include="gd\scroll_nodes\BoomListView.h">
      <Filter>Header Files</Filter>
    </ClInclude>
    <ClInclude Include="gd\scroll_nodes\CCContentLayer.h">
      <Filter>Header Files</Filter>
    </ClInclude>
    <ClInclude Include="gd\scroll_nodes\CCIndexPath.h">
      <Filter>Header Files</Filter>
    </ClInclude>
    <ClInclude Include="gd\scroll_nodes\CCScrollLayerExt.h">
      <Filter>Header Files</Filter>
    </ClInclude>
    <ClInclude Include="gd\scroll_nodes\CustomListView.h">
      <Filter>Header Files</Filter>
    </ClInclude>
    <ClInclude Include="gd\scroll_nodes\TableView.h">
      <Filter>Header Files</Filter>
    </ClInclude>
    <ClInclude Include="gd\sprite_nodes\AnimatedShopKeeper.h">
      <Filter>Header Files</Filter>
    </ClInclude>
    <ClInclude Include="gd\sprite_nodes\ButtonSprite.h">
      <Filter>Header Files</Filter>
    </ClInclude>
    <ClInclude Include="gd\sprite_nodes\CCAnimatedSprite.h">
      <Filter>Header Files</Filter>
    </ClInclude>
    <ClInclude Include="gd\sprite_nodes\CCSpritePlus.h">
      <Filter>Header Files</Filter>
    </ClInclude>
    <ClInclude Include="gd\sprite_nodes\GameObject.h">
      <Filter>Header Files</Filter>
    </ClInclude>
    <ClInclude Include="gd\sprite_nodes\PlayerObject.h">
      <Filter>Header Files</Filter>
    </ClInclude>
    <ClInclude Include="gd\sprite_nodes\TextArea.h">
      <Filter>Header Files</Filter>
    </ClInclude>
    <ClInclude Include="gd\text_input_nodes\CCTextInputNode.h">
      <Filter>Header Files</Filter>
    </ClInclude>
    <ClInclude Include="layers\CreatorOptionsLayer.h">
      <Filter>Header Files</Filter>
    </ClInclude>
    <ClInclude Include="layers\HackOptionsLayer.h">
      <Filter>Header Files</Filter>
    </ClInclude>
    <ClInclude Include="layers\MenuLayer.hpp">
      <Filter>Header Files</Filter>
    </ClInclude>
    <ClInclude Include="minhook\MinHook.h">
      <Filter>Header Files</Filter>
    </ClInclude>
    <ClInclude Include="other_nodes\AnimatedShopKeeper.hpp">
      <Filter>Header Files</Filter>
    </ClInclude>
    <ClInclude Include="other_nodes\GameManager.hpp">
      <Filter>Header Files</Filter>
    </ClInclude>
    <ClInclude Include="other_nodes\GJItemIcon.hpp">
      <Filter>Header Files</Filter>
    </ClInclude>
    <ClInclude Include="other_nodes\SharedObjects.hpp">
      <Filter>Header Files</Filter>
    </ClInclude>
    <ClInclude Include="other_nodes\TestAlertProtocol.hpp">
      <Filter>Header Files</Filter>
    </ClInclude>
    <ClInclude Include="menu_nodes\HorizontalSelectMenu.hpp">
      <Filter>Header Files</Filter>
    </ClInclude>
  </ItemGroup>
  <ItemGroup>
    <ClCompile Include="dllmain.cpp">
      <Filter>Source Files</Filter>
    </ClCompile>
    <ClCompile Include="pch.cpp">
      <Filter>Source Files</Filter>
    </ClCompile>
    <ClCompile Include="util\CreatorOptionsManager.cpp">
      <Filter>Source Files</Filter>
    </ClCompile>
    <ClCompile Include="util\Mod.cpp">
      <Filter>Source Files</Filter>
    </ClCompile>
    <ClCompile Include="layers\CreatorOptionsLayer.cpp">
      <Filter>Source Files</Filter>
    </ClCompile>
    <ClCompile Include="layers\HackOptionsLayer.cpp">
      <Filter>Source Files</Filter>
    </ClCompile>
    <ClCompile Include="menu_nodes\HorizontalSelectMenu.cpp">
      <Filter>Source Files</Filter>
    </ClCompile>
  </ItemGroup>
</Project>